
Microsoft Visual Studio Solution File, Format Version 12.00
# Visual Studio Version 17
VisualStudioVersion = 17.6.33829.357
MinimumVisualStudioVersion = 10.0.40219.1
Project("{FAE04EC0-301F-11D3-BF4B-00C04F79EFBC}") = "RiaMoneyTransfer", "RiaMoneyTransfer\RiaMoneyTransfer.csproj", "{84B1DF83-EBE6-4E6B-8CB0-252A7DBF4AC7}"
EndProject
Global
	GlobalSection(SolutionConfigurationPlatforms) = preSolution
		Debug|Any CPU = Debug|Any CPU
		Release|Any CPU = Release|Any CPU
	EndGlobalSection
	GlobalSection(ProjectConfigurationPlatforms) = postSolution
		{84B1DF83-EBE6-4E6B-8CB0-252A7DBF4AC7}.Debug|Any CPU.ActiveCfg = Debug|Any CPU
		{84B1DF83-EBE6-4E6B-8CB0-252A7DBF4AC7}.Debug|Any CPU.Build.0 = Debug|Any CPU
		{84B1DF83-EBE6-4E6B-8CB0-252A7DBF4AC7}.Release|Any CPU.ActiveCfg = Release|Any CPU
		{84B1DF83-EBE6-4E6B-8CB0-252A7DBF4AC7}.Release|Any CPU.Build.0 = Release|Any CPU
	EndGlobalSection
	GlobalSection(SolutionProperties) = preSolution
		HideSolutionNode = FALSE
	EndGlobalSection
	GlobalSection(ExtensibilityGlobals) = postSolution
		SolutionGuid = {6CE86A75-5A90-471F-9229-B86CA3EE3739}
	EndGlobalSection
EndGlobal
